
Microsoft Visual Studio Solution File, Format Version 12.00
# Visual Studio 2012
Project("{FAE04EC0-301F-11D3-BF4B-00C04F79EFBC}") = "ApplicationBarDemo", "ApplicationBarDemo\ApplicationBarDemo.csproj", "{0FC80037-5E1F-48A0-8A1A-099824415C56}"
EndProject
Project("{FAE04EC0-301F-11D3-BF4B-00C04F79EFBC}") = "EmptyMetroDemo", "EmptyMetroDemo\EmptyMetroDemo.csproj", "{BB074728-A71B-435E-8B42-1453635E7866}"
EndProject
Project("{FAE04EC0-301F-11D3-BF4B-00C04F79EFBC}") = "PickerControlDemo", "PickerControlDemo\PickerControlDemo.csproj", "{1F3CAE5E-573C-43F5-9B28-5A144FCF6F6B}"
EndProject
Project("{FAE04EC0-301F-11D3-BF4B-00C04F79EFBC}") = "ProgressBarDemo", "ProgressBarDemo\ProgressBarDemo.csproj", "{1CA2850F-CB95-4DF9-9B38-507B8A64B3E1}"
EndProject
Project("{FAE04EC0-301F-11D3-BF4B-00C04F79EFBC}") = "TypographicDemo", "TypographicDemo\TypographicDemo.csproj", "{BAA73929-4763-41D8-8433-82EACCF3C35E}"
EndProject
Project("{FAE04EC0-301F-11D3-BF4B-00C04F79EFBC}") = "PasswordCheckDemo", "PasswordCheckDemo\PasswordCheckDemo.csproj", "{4EEE8E97-8B61-4BE2-857F-02BF6E73577B}"
EndProject
Project("{FAE04EC0-301F-11D3-BF4B-00C04F79EFBC}") = "TabControlDemo", "TabControlDemo\TabControlDemo.csproj", "{3A2D1CAB-36B4-42F3-9CE8-25B5CA8F64E7}"
EndProject
Project("{FAE04EC0-301F-11D3-BF4B-00C04F79EFBC}") = "SnappedWindowDemo", "SnappedWindowDemo\SnappedWindowDemo.csproj", "{C6924CF5-2DD3-42D4-AD07-C117342A70B2}"
EndProject
Project("{FAE04EC0-301F-11D3-BF4B-00C04F79EFBC}") = "NavigationDemo", "NavigationDemo\NavigationDemo.csproj", "{DF5755AD-19EA-4C23-8FEA-D4BD4C2E34A2}"
EndProject
Project("{FAE04EC0-301F-11D3-BF4B-00C04F79EFBC}") = "CheckBoxDemo", "CheckBoxDemo\CheckBoxDemo.csproj", "{30EFD64B-BCED-4DCC-B025-5EFB8FB861FE}"
EndProject
Project("{FAE04EC0-301F-11D3-BF4B-00C04F79EFBC}") = "ExtendedTextBoxDemo", "ExtendedTextBoxDemo\ExtendedTextBoxDemo.csproj", "{33DD5856-FDA5-44F4-9896-D3B452A1A9DF}"
EndProject
Global
	GlobalSection(TeamFoundationVersionControl) = preSolution
		SccEnterpriseProvider = {4CA58AB2-18FA-4F8D-95D4-32DDF27D184C}
		SccLocalPath0 = .
		SccLocalPath1 = ApplicationBarDemo
		SccLocalPath10 = CheckBoxDemo
		SccLocalPath11 = ExtendedTextBoxDemo
		SccLocalPath2 = EmptyMetroDemo
		SccLocalPath3 = PickerControlDemo
		SccLocalPath4 = PasswordCheckDemo
		SccLocalPath5 = ProgressBarDemo
		SccLocalPath6 = TypographicDemo
		SccLocalPath7 = TabControlDemo
		SccLocalPath8 = SnappedWindowDemo
		SccLocalPath9 = NavigationDemo
		SccNumberOfProjects = 12
		SccProjectName1 = ApplicationBarDemo
		SccProjectName10 = CheckBoxDemo
		SccProjectName11 = ExtendedTextBoxDemo
		SccProjectName2 = EmptyMetroDemo
		SccProjectName3 = PickerControlDemo
		SccProjectName4 = PasswordCheckDemo
		SccProjectName5 = ProgressBarDemo
		SccProjectName6 = TypographicDemo
		SccProjectName7 = TabControlDemo
		SccProjectName8 = SnappedWindowDemo
		SccProjectName9 = NavigationDemo
		SccProjectUniqueName1 = ApplicationBarDemo\\ApplicationBarDemo.csproj
		SccProjectUniqueName10 = CheckBoxDemo\\CheckBoxDemo.csproj
		SccProjectUniqueName11 = ExtendedTextBoxDemo\\ExtendedTextBoxDemo.csproj
		SccProjectUniqueName2 = EmptyMetroDemo\\EmptyMetroDemo.csproj
		SccProjectUniqueName3 = PickerControlDemo\\PickerControlDemo.csproj
		SccProjectUniqueName4 = PasswordCheckDemo\\PasswordCheckDemo.csproj
		SccProjectUniqueName5 = ProgressBarDemo\\ProgressBarDemo.csproj
		SccProjectUniqueName6 = TypographicDemo\\TypographicDemo.csproj
		SccProjectUniqueName7 = TabControlDemo\\TabControlDemo.csproj
		SccProjectUniqueName8 = SnappedWindowDemo\\SnappedWindowDemo.csproj
		SccProjectUniqueName9 = NavigationDemo\\NavigationDemo.csproj
		SccTeamFoundationServer = https://tfs.codeplex.com/tfs/tfs34
	EndGlobalSection
	GlobalSection(SolutionConfigurationPlatforms) = preSolution
		Debug|Any CPU = Debug|Any CPU
		Debug|Mixed Platforms = Debug|Mixed Platforms
		Debug|x86 = Debug|x86
		Release|Any CPU = Release|Any CPU
		Release|Mixed Platforms = Release|Mixed Platforms
		Release|x86 = Release|x86
	EndGlobalSection
	GlobalSection(ProjectConfigurationPlatforms) = postSolution
		{0FC80037-5E1F-48A0-8A1A-099824415C56}.Debug|Any CPU.ActiveCfg = Debug|Any CPU
		{0FC80037-5E1F-48A0-8A1A-099824415C56}.Debug|Any CPU.Build.0 = Debug|Any CPU
		{0FC80037-5E1F-48A0-8A1A-099824415C56}.Debug|Mixed Platforms.ActiveCfg = Debug|Any CPU
		{0FC80037-5E1F-48A0-8A1A-099824415C56}.Debug|Mixed Platforms.Build.0 = Debug|Any CPU
		{0FC80037-5E1F-48A0-8A1A-099824415C56}.Debug|x86.ActiveCfg = Debug|Any CPU
		{0FC80037-5E1F-48A0-8A1A-099824415C56}.Release|Any CPU.ActiveCfg = Release|Any CPU
		{0FC80037-5E1F-48A0-8A1A-099824415C56}.Release|Any CPU.Build.0 = Release|Any CPU
		{0FC80037-5E1F-48A0-8A1A-099824415C56}.Release|Mixed Platforms.ActiveCfg = Release|Any CPU
		{0FC80037-5E1F-48A0-8A1A-099824415C56}.Release|Mixed Platforms.Build.0 = Release|Any CPU
		{0FC80037-5E1F-48A0-8A1A-099824415C56}.Release|x86.ActiveCfg = Release|Any CPU
		{1CA2850F-CB95-4DF9-9B38-507B8A64B3E1}.Debug|Any CPU.ActiveCfg = Debug|Any CPU
		{1CA2850F-CB95-4DF9-9B38-507B8A64B3E1}.Debug|Any CPU.Build.0 = Debug|Any CPU
		{1CA2850F-CB95-4DF9-9B38-507B8A64B3E1}.Debug|Mixed Platforms.ActiveCfg = Debug|Any CPU
		{1CA2850F-CB95-4DF9-9B38-507B8A64B3E1}.Debug|Mixed Platforms.Build.0 = Debug|Any CPU
		{1CA2850F-CB95-4DF9-9B38-507B8A64B3E1}.Debug|x86.ActiveCfg = Debug|Any CPU
		{1CA2850F-CB95-4DF9-9B38-507B8A64B3E1}.Release|Any CPU.ActiveCfg = Release|Any CPU
		{1CA2850F-CB95-4DF9-9B38-507B8A64B3E1}.Release|Any CPU.Build.0 = Release|Any CPU
		{1CA2850F-CB95-4DF9-9B38-507B8A64B3E1}.Release|Mixed Platforms.ActiveCfg = Release|Any CPU
		{1CA2850F-CB95-4DF9-9B38-507B8A64B3E1}.Release|Mixed Platforms.Build.0 = Release|Any CPU
		{1CA2850F-CB95-4DF9-9B38-507B8A64B3E1}.Release|x86.ActiveCfg = Release|Any CPU
		{1F3CAE5E-573C-43F5-9B28-5A144FCF6F6B}.Debug|Any CPU.ActiveCfg = Debug|Any CPU
		{1F3CAE5E-573C-43F5-9B28-5A144FCF6F6B}.Debug|Any CPU.Build.0 = Debug|Any CPU
		{1F3CAE5E-573C-43F5-9B28-5A144FCF6F6B}.Debug|Mixed Platforms.ActiveCfg = Debug|Any CPU
		{1F3CAE5E-573C-43F5-9B28-5A144FCF6F6B}.Debug|Mixed Platforms.Build.0 = Debug|Any CPU
		{1F3CAE5E-573C-43F5-9B28-5A144FCF6F6B}.Debug|x86.ActiveCfg = Debug|Any CPU
		{1F3CAE5E-573C-43F5-9B28-5A144FCF6F6B}.Release|Any CPU.ActiveCfg = Release|Any CPU
		{1F3CAE5E-573C-43F5-9B28-5A144FCF6F6B}.Release|Any CPU.Build.0 = Release|Any CPU
		{1F3CAE5E-573C-43F5-9B28-5A144FCF6F6B}.Release|Mixed Platforms.ActiveCfg = Release|Any CPU
		{1F3CAE5E-573C-43F5-9B28-5A144FCF6F6B}.Release|Mixed Platforms.Build.0 = Release|Any CPU
		{1F3CAE5E-573C-43F5-9B28-5A144FCF6F6B}.Release|x86.ActiveCfg = Release|Any CPU
		{30EFD64B-BCED-4DCC-B025-5EFB8FB861FE}.Debug|Any CPU.ActiveCfg = Debug|Any CPU
		{30EFD64B-BCED-4DCC-B025-5EFB8FB861FE}.Debug|Any CPU.Build.0 = Debug|Any CPU
		{30EFD64B-BCED-4DCC-B025-5EFB8FB861FE}.Debug|Mixed Platforms.ActiveCfg = Debug|Any CPU
		{30EFD64B-BCED-4DCC-B025-5EFB8FB861FE}.Debug|Mixed Platforms.Build.0 = Debug|Any CPU
		{30EFD64B-BCED-4DCC-B025-5EFB8FB861FE}.Debug|x86.ActiveCfg = Debug|Any CPU
		{30EFD64B-BCED-4DCC-B025-5EFB8FB861FE}.Release|Any CPU.ActiveCfg = Release|Any CPU
		{30EFD64B-BCED-4DCC-B025-5EFB8FB861FE}.Release|Any CPU.Build.0 = Release|Any CPU
		{30EFD64B-BCED-4DCC-B025-5EFB8FB861FE}.Release|Mixed Platforms.ActiveCfg = Release|Any CPU
		{30EFD64B-BCED-4DCC-B025-5EFB8FB861FE}.Release|Mixed Platforms.Build.0 = Release|Any CPU
		{30EFD64B-BCED-4DCC-B025-5EFB8FB861FE}.Release|x86.ActiveCfg = Release|Any CPU
		{33DD5856-FDA5-44F4-9896-D3B452A1A9DF}.Debug|Any CPU.ActiveCfg = Debug|Any CPU
		{33DD5856-FDA5-44F4-9896-D3B452A1A9DF}.Debug|Any CPU.Build.0 = Debug|Any CPU
		{33DD5856-FDA5-44F4-9896-D3B452A1A9DF}.Debug|Mixed Platforms.ActiveCfg = Debug|Any CPU
		{33DD5856-FDA5-44F4-9896-D3B452A1A9DF}.Debug|Mixed Platforms.Build.0 = Debug|Any CPU
		{33DD5856-FDA5-44F4-9896-D3B452A1A9DF}.Debug|x86.ActiveCfg = Debug|Any CPU
		{33DD5856-FDA5-44F4-9896-D3B452A1A9DF}.Release|Any CPU.ActiveCfg = Release|Any CPU
		{33DD5856-FDA5-44F4-9896-D3B452A1A9DF}.Release|Any CPU.Build.0 = Release|Any CPU
		{33DD5856-FDA5-44F4-9896-D3B452A1A9DF}.Release|Mixed Platforms.ActiveCfg = Release|Any CPU
		{33DD5856-FDA5-44F4-9896-D3B452A1A9DF}.Release|Mixed Platforms.Build.0 = Release|Any CPU
		{33DD5856-FDA5-44F4-9896-D3B452A1A9DF}.Release|x86.ActiveCfg = Release|Any CPU
		{3A2D1CAB-36B4-42F3-9CE8-25B5CA8F64E7}.Debug|Any CPU.ActiveCfg = Debug|Any CPU
		{3A2D1CAB-36B4-42F3-9CE8-25B5CA8F64E7}.Debug|Any CPU.Build.0 = Debug|Any CPU
		{3A2D1CAB-36B4-42F3-9CE8-25B5CA8F64E7}.Debug|Mixed Platforms.ActiveCfg = Debug|Any CPU
		{3A2D1CAB-36B4-42F3-9CE8-25B5CA8F64E7}.Debug|Mixed Platforms.Build.0 = Debug|Any CPU
		{3A2D1CAB-36B4-42F3-9CE8-25B5CA8F64E7}.Debug|x86.ActiveCfg = Debug|Any CPU
		{3A2D1CAB-36B4-42F3-9CE8-25B5CA8F64E7}.Release|Any CPU.ActiveCfg = Release|Any CPU
		{3A2D1CAB-36B4-42F3-9CE8-25B5CA8F64E7}.Release|Any CPU.Build.0 = Release|Any CPU
		{3A2D1CAB-36B4-42F3-9CE8-25B5CA8F64E7}.Release|Mixed Platforms.ActiveCfg = Release|Any CPU
		{3A2D1CAB-36B4-42F3-9CE8-25B5CA8F64E7}.Release|Mixed Platforms.Build.0 = Release|Any CPU
		{3A2D1CAB-36B4-42F3-9CE8-25B5CA8F64E7}.Release|x86.ActiveCfg = Release|Any CPU
		{4EEE8E97-8B61-4BE2-857F-02BF6E73577B}.Debug|Any CPU.ActiveCfg = Debug|Any CPU
		{4EEE8E97-8B61-4BE2-857F-02BF6E73577B}.Debug|Any CPU.Build.0 = Debug|Any CPU
		{4EEE8E97-8B61-4BE2-857F-02BF6E73577B}.Debug|Mixed Platforms.ActiveCfg = Debug|Any CPU
		{4EEE8E97-8B61-4BE2-857F-02BF6E73577B}.Debug|Mixed Platforms.Build.0 = Debug|Any CPU
		{4EEE8E97-8B61-4BE2-857F-02BF6E73577B}.Debug|x86.ActiveCfg = Debug|Any CPU
		{4EEE8E97-8B61-4BE2-857F-02BF6E73577B}.Release|Any CPU.ActiveCfg = Release|Any CPU
		{4EEE8E97-8B61-4BE2-857F-02BF6E73577B}.Release|Any CPU.Build.0 = Release|Any CPU
		{4EEE8E97-8B61-4BE2-857F-02BF6E73577B}.Release|Mixed Platforms.ActiveCfg = Release|Any CPU
		{4EEE8E97-8B61-4BE2-857F-02BF6E73577B}.Release|Mixed Platforms.Build.0 = Release|Any CPU
		{4EEE8E97-8B61-4BE2-857F-02BF6E73577B}.Release|x86.ActiveCfg = Release|Any CPU
		{BAA73929-4763-41D8-8433-82EACCF3C35E}.Debug|Any CPU.ActiveCfg = Debug|Any CPU
		{BAA73929-4763-41D8-8433-82EACCF3C35E}.Debug|Any CPU.Build.0 = Debug|Any CPU
		{BAA73929-4763-41D8-8433-82EACCF3C35E}.Debug|Mixed Platforms.ActiveCfg = Debug|Any CPU
		{BAA73929-4763-41D8-8433-82EACCF3C35E}.Debug|Mixed Platforms.Build.0 = Debug|Any CPU
		{BAA73929-4763-41D8-8433-82EACCF3C35E}.Debug|x86.ActiveCfg = Debug|Any CPU
		{BAA73929-4763-41D8-8433-82EACCF3C35E}.Release|Any CPU.ActiveCfg = Release|Any CPU
		{BAA73929-4763-41D8-8433-82EACCF3C35E}.Release|Any CPU.Build.0 = Release|Any CPU
		{BAA73929-4763-41D8-8433-82EACCF3C35E}.Release|Mixed Platforms.ActiveCfg = Release|Any CPU
		{BAA73929-4763-41D8-8433-82EACCF3C35E}.Release|Mixed Platforms.Build.0 = Release|Any CPU
		{BAA73929-4763-41D8-8433-82EACCF3C35E}.Release|x86.ActiveCfg = Release|Any CPU
		{BB074728-A71B-435E-8B42-1453635E7866}.Debug|Any CPU.ActiveCfg = Debug|Any CPU
		{BB074728-A71B-435E-8B42-1453635E7866}.Debug|Any CPU.Build.0 = Debug|Any CPU
		{BB074728-A71B-435E-8B42-1453635E7866}.Debug|Mixed Platforms.ActiveCfg = Debug|Any CPU
		{BB074728-A71B-435E-8B42-1453635E7866}.Debug|Mixed Platforms.Build.0 = Debug|Any CPU
		{BB074728-A71B-435E-8B42-1453635E7866}.Debug|x86.ActiveCfg = Debug|Any CPU
		{BB074728-A71B-435E-8B42-1453635E7866}.Release|Any CPU.ActiveCfg = Release|Any CPU
		{BB074728-A71B-435E-8B42-1453635E7866}.Release|Any CPU.Build.0 = Release|Any CPU
		{BB074728-A71B-435E-8B42-1453635E7866}.Release|Mixed Platforms.ActiveCfg = Release|Any CPU
		{BB074728-A71B-435E-8B42-1453635E7866}.Release|Mixed Platforms.Build.0 = Release|Any CPU
		{BB074728-A71B-435E-8B42-1453635E7866}.Release|x86.ActiveCfg = Release|Any CPU
		{C6924CF5-2DD3-42D4-AD07-C117342A70B2}.Debug|Any CPU.ActiveCfg = Debug|Any CPU
		{C6924CF5-2DD3-42D4-AD07-C117342A70B2}.Debug|Any CPU.Build.0 = Debug|Any CPU
		{C6924CF5-2DD3-42D4-AD07-C117342A70B2}.Debug|Mixed Platforms.ActiveCfg = Debug|Any CPU
		{C6924CF5-2DD3-42D4-AD07-C117342A70B2}.Debug|Mixed Platforms.Build.0 = Debug|Any CPU
		{C6924CF5-2DD3-42D4-AD07-C117342A70B2}.Debug|x86.ActiveCfg = Debug|Any CPU
		{C6924CF5-2DD3-42D4-AD07-C117342A70B2}.Release|Any CPU.ActiveCfg = Release|Any CPU
		{C6924CF5-2DD3-42D4-AD07-C117342A70B2}.Release|Any CPU.Build.0 = Release|Any CPU
		{C6924CF5-2DD3-42D4-AD07-C117342A70B2}.Release|Mixed Platforms.ActiveCfg = Release|Any CPU
		{C6924CF5-2DD3-42D4-AD07-C117342A70B2}.Release|Mixed Platforms.Build.0 = Release|Any CPU
		{C6924CF5-2DD3-42D4-AD07-C117342A70B2}.Release|x86.ActiveCfg = Release|Any CPU
		{DF5755AD-19EA-4C23-8FEA-D4BD4C2E34A2}.Debug|Any CPU.ActiveCfg = Debug|Any CPU
		{DF5755AD-19EA-4C23-8FEA-D4BD4C2E34A2}.Debug|Any CPU.Build.0 = Debug|Any CPU
		{DF5755AD-19EA-4C23-8FEA-D4BD4C2E34A2}.Debug|Mixed Platforms.ActiveCfg = Debug|Any CPU
		{DF5755AD-19EA-4C23-8FEA-D4BD4C2E34A2}.Debug|Mixed Platforms.Build.0 = Debug|Any CPU
		{DF5755AD-19EA-4C23-8FEA-D4BD4C2E34A2}.Debug|x86.ActiveCfg = Debug|Any CPU
		{DF5755AD-19EA-4C23-8FEA-D4BD4C2E34A2}.Release|Any CPU.ActiveCfg = Release|Any CPU
		{DF5755AD-19EA-4C23-8FEA-D4BD4C2E34A2}.Release|Any CPU.Build.0 = Release|Any CPU
		{DF5755AD-19EA-4C23-8FEA-D4BD4C2E34A2}.Release|Mixed Platforms.ActiveCfg = Release|Any CPU
		{DF5755AD-19EA-4C23-8FEA-D4BD4C2E34A2}.Release|Mixed Platforms.Build.0 = Release|Any CPU
		{DF5755AD-19EA-4C23-8FEA-D4BD4C2E34A2}.Release|x86.ActiveCfg = Release|Any CPU
	EndGlobalSection
	GlobalSection(SolutionProperties) = preSolution
		HideSolutionNode = FALSE
	EndGlobalSection
EndGlobal
