
Microsoft Visual Studio Solution File, Format Version 12.00
# Visual Studio 2012
Project("{FAE04EC0-301F-11D3-BF4B-00C04F79EFBC}") = "TpMetroWpfLibrary", "TpMetroWpfLibrary\TpMetroWpfLibrary.csproj", "{18C832BB-9C4B-401B-96AB-7BC4FC4472DC}"
EndProject
Project("{FAE04EC0-301F-11D3-BF4B-00C04F79EFBC}") = "TpMetroWpfLibrary.Tests", "TpMetroWpfLibrary.Tests\TpMetroWpfLibrary.Tests.csproj", "{C375E58F-50EF-44F2-B345-E221F2910BC3}"
EndProject
Project("{2150E333-8FDC-42A3-9474-1A3956D46DE8}") = "Solution Items", "Solution Items", "{AC094647-7B1F-42A8-A72E-FF94F35ADD6A}"
	ProjectSection(SolutionItems) = preProject
		Local.testsettings = Local.testsettings
		TpMetroWpfLibrary.vsmdi = TpMetroWpfLibrary.vsmdi
		TraceAndTestImpact.testsettings = TraceAndTestImpact.testsettings
	EndProjectSection
EndProject
Global
	GlobalSection(TestCaseManagementSettings) = postSolution
		CategoryFile = TpMetroWpfLibrary.vsmdi
	EndGlobalSection
	GlobalSection(SolutionConfigurationPlatforms) = preSolution
		Debug|Any CPU = Debug|Any CPU
		Debug|x86 = Debug|x86
		Release|Any CPU = Release|Any CPU
		Release|x86 = Release|x86
	EndGlobalSection
	GlobalSection(ProjectConfigurationPlatforms) = postSolution
		{18C832BB-9C4B-401B-96AB-7BC4FC4472DC}.Debug|Any CPU.ActiveCfg = Debug|Any CPU
		{18C832BB-9C4B-401B-96AB-7BC4FC4472DC}.Debug|Any CPU.Build.0 = Debug|Any CPU
		{18C832BB-9C4B-401B-96AB-7BC4FC4472DC}.Debug|x86.ActiveCfg = Debug|x86
		{18C832BB-9C4B-401B-96AB-7BC4FC4472DC}.Debug|x86.Build.0 = Debug|x86
		{18C832BB-9C4B-401B-96AB-7BC4FC4472DC}.Release|Any CPU.ActiveCfg = Release|Any CPU
		{18C832BB-9C4B-401B-96AB-7BC4FC4472DC}.Release|Any CPU.Build.0 = Release|Any CPU
		{18C832BB-9C4B-401B-96AB-7BC4FC4472DC}.Release|x86.ActiveCfg = Release|x86
		{18C832BB-9C4B-401B-96AB-7BC4FC4472DC}.Release|x86.Build.0 = Release|x86
		{C375E58F-50EF-44F2-B345-E221F2910BC3}.Debug|Any CPU.ActiveCfg = Debug|Any CPU
		{C375E58F-50EF-44F2-B345-E221F2910BC3}.Debug|Any CPU.Build.0 = Debug|Any CPU
		{C375E58F-50EF-44F2-B345-E221F2910BC3}.Debug|x86.ActiveCfg = Debug|Any CPU
		{C375E58F-50EF-44F2-B345-E221F2910BC3}.Release|Any CPU.ActiveCfg = Release|Any CPU
		{C375E58F-50EF-44F2-B345-E221F2910BC3}.Release|Any CPU.Build.0 = Release|Any CPU
		{C375E58F-50EF-44F2-B345-E221F2910BC3}.Release|x86.ActiveCfg = Release|Any CPU
	EndGlobalSection
	GlobalSection(SolutionProperties) = preSolution
		HideSolutionNode = FALSE
	EndGlobalSection
EndGlobal
